
Microsoft Visual Studio Solution File, Format Version 12.00
# Visual Studio Version 17
VisualStudioVersion = 17.14.36811.4 d17.14
MinimumVisualStudioVersion = 10.0.40219.1
Project("{FAE04EC0-301F-11D3-BF4B-00C04F79EFBC}") = "SalesManager", "SalesManager\SalesManager.csproj", "{1C108242-9FF5-4591-B80B-372C051C5540}"
EndProject
Global
	GlobalSection(SolutionConfigurationPlatforms) = preSolution
		Debug|Any CPU = Debug|Any CPU
		Release|Any CPU = Release|Any CPU
	EndGlobalSection
	GlobalSection(ProjectConfigurationPlatforms) = postSolution
		{1C108242-9FF5-4591-B80B-372C051C5540}.Debug|Any CPU.ActiveCfg = Debug|Any CPU
		{1C108242-9FF5-4591-B80B-372C051C5540}.Debug|Any CPU.Build.0 = Debug|Any CPU
		{1C108242-9FF5-4591-B80B-372C051C5540}.Release|Any CPU.ActiveCfg = Release|Any CPU
		{1C108242-9FF5-4591-B80B-372C051C5540}.Release|Any CPU.Build.0 = Release|Any CPU
	EndGlobalSection
	GlobalSection(SolutionProperties) = preSolution
		HideSolutionNode = FALSE
	EndGlobalSection
	GlobalSection(ExtensibilityGlobals) = postSolution
		SolutionGuid = {FE485D86-4193-4406-BD34-64A6ECB280B1}
	EndGlobalSection
EndGlobal
